// !$*UTF8*$!
{
	archiveVersion = 1;
	classes = {
	};
	objectVersion = 50;
	objects = {

/* Begin PBXBuildFile section */
		82233EA120844AC9006C57E7 /* AppDelegate.swift in Sources */ = {isa = PBXBuildFile; fileRef = 82233EA020844AC9006C57E7 /* AppDelegate.swift */; };
		82233EA320844ACA006C57E7 /* Assets.xcassets in Resources */ = {isa = PBXBuildFile; fileRef = 82233EA220844ACA006C57E7 /* Assets.xcassets */; };
		82233EA620844ACA006C57E7 /* MainMenu.xib in Resources */ = {isa = PBXBuildFile; fileRef = 82233EA420844ACA006C57E7 /* MainMenu.xib */; };
		82233EB220844ACA006C57E7 /* gSwitchTests.swift in Sources */ = {isa = PBXBuildFile; fileRef = 82233EB120844ACA006C57E7 /* gSwitchTests.swift */; };
		82233EBD20844ACA006C57E7 /* gSwitchUITests.swift in Sources */ = {isa = PBXBuildFile; fileRef = 82233EBC20844ACA006C57E7 /* gSwitchUITests.swift */; };
		82233ED320844ADF006C57E7 /* Constants.swift in Sources */ = {isa = PBXBuildFile; fileRef = 82233ECB20844ADF006C57E7 /* Constants.swift */; };
		82233ED420844ADF006C57E7 /* GSProcess.m in Sources */ = {isa = PBXBuildFile; fileRef = 82233ECC20844ADF006C57E7 /* GSProcess.m */; };
		82233ED520844ADF006C57E7 /* GPUManager.swift in Sources */ = {isa = PBXBuildFile; fileRef = 82233ECE20844ADF006C57E7 /* GPUManager.swift */; };
		82233ED620844ADF006C57E7 /* StatusMenuController.swift in Sources */ = {isa = PBXBuildFile; fileRef = 82233ECF20844ADF006C57E7 /* StatusMenuController.swift */; };
		82233ED720844ADF006C57E7 /* GPUListener.swift in Sources */ = {isa = PBXBuildFile; fileRef = 82233ED020844ADF006C57E7 /* GPUListener.swift */; };
		82233ED820844ADF006C57E7 /* ProcessManager.swift in Sources */ = {isa = PBXBuildFile; fileRef = 82233ED120844ADF006C57E7 /* ProcessManager.swift */; };
		8230418A20882BB2006701CB /* ServiceManagement.framework in Frameworks */ = {isa = PBXBuildFile; fileRef = 8230418920882BB2006701CB /* ServiceManagement.framework */; };
		82360C722088361700ADD0CE /* PreferencesWindow.swift in Sources */ = {isa = PBXBuildFile; fileRef = 82360C702088361700ADD0CE /* PreferencesWindow.swift */; };
		823B274E208C0A2900A7DFB6 /* dsa_pub.pem in Resources */ = {isa = PBXBuildFile; fileRef = 823B274D208C0A2900A7DFB6 /* dsa_pub.pem */; };
		82556518208C505900A6807F /* UpdaterDelegate.swift in Sources */ = {isa = PBXBuildFile; fileRef = 82556517208C505900A6807F /* UpdaterDelegate.swift */; };
		82556532208C5B9300A6807F /* Sparkle.framework.dSYM in Resources */ = {isa = PBXBuildFile; fileRef = 82556530208C5B9300A6807F /* Sparkle.framework.dSYM */; };
		82556533208C5BA900A6807F /* Sparkle.framework in Frameworks */ = {isa = PBXBuildFile; fileRef = 8255652F208C5B9300A6807F /* Sparkle.framework */; };
		82556534208C5BA900A6807F /* Sparkle.framework in Embed Frameworks */ = {isa = PBXBuildFile; fileRef = 8255652F208C5B9300A6807F /* Sparkle.framework */; settings = {ATTRIBUTES = (CodeSignOnCopy, RemoveHeadersOnCopy, ); }; };
		82556535208C5BB200A6807F /* Sparkle.framework.dSYM in CopyFiles */ = {isa = PBXBuildFile; fileRef = 82556530208C5B9300A6807F /* Sparkle.framework.dSYM */; };
		828D681220C897D200A41DD9 /* AdvancedWindow.swift in Sources */ = {isa = PBXBuildFile; fileRef = 828D681020C897D200A41DD9 /* AdvancedWindow.swift */; };
		828D681820C8BCFF00A41DD9 /* HelpWindow.swift in Sources */ = {isa = PBXBuildFile; fileRef = 828D681620C8BCFF00A41DD9 /* HelpWindow.swift */; };
		828D681920C8BCFF00A41DD9 /* HelpWindow.xib in Resources */ = {isa = PBXBuildFile; fileRef = 828D681720C8BCFF00A41DD9 /* HelpWindow.xib */; };
		829553C720884BFA00A29C49 /* AboutWindow.swift in Sources */ = {isa = PBXBuildFile; fileRef = 829553C520884BFA00A29C49 /* AboutWindow.swift */; };
		829553CB20884F4700A29C49 /* SwiftyBeaver.framework.dSYM in Resources */ = {isa = PBXBuildFile; fileRef = 829553C920884F4700A29C49 /* SwiftyBeaver.framework.dSYM */; };
		829553CD20884F5400A29C49 /* SwiftyBeaver.framework in Frameworks */ = {isa = PBXBuildFile; fileRef = 829553CA20884F4700A29C49 /* SwiftyBeaver.framework */; };
		829553CE20884F5400A29C49 /* SwiftyBeaver.framework in Embed Frameworks */ = {isa = PBXBuildFile; fileRef = 829553CA20884F4700A29C49 /* SwiftyBeaver.framework */; settings = {ATTRIBUTES = (CodeSignOnCopy, RemoveHeadersOnCopy, ); }; };
		829553D020884F6200A29C49 /* SwiftyBeaver.framework.dSYM in CopyFiles */ = {isa = PBXBuildFile; fileRef = 829553C920884F4700A29C49 /* SwiftyBeaver.framework.dSYM */; };
		829553D220884FC200A29C49 /* Extentions.swift in Sources */ = {isa = PBXBuildFile; fileRef = 829553D120884FC200A29C49 /* Extentions.swift */; };
		82AD4BE92087F335003375C1 /* GPUView.swift in Sources */ = {isa = PBXBuildFile; fileRef = 82AD4BE82087F335003375C1 /* GPUView.swift */; };
		82C7028120859AB600EB6B85 /* UserNotificationManager.swift in Sources */ = {isa = PBXBuildFile; fileRef = 82C7028020859AB600EB6B85 /* UserNotificationManager.swift */; };
		82EB58F520882E5F00747BAF /* gSwitchLauncher.app in CopyFiles */ = {isa = PBXBuildFile; fileRef = 8230418720882B40006701CB /* gSwitchLauncher.app */; settings = {ATTRIBUTES = (RemoveHeadersOnCopy, ); }; };
		82F3298E20897EA0000E34B3 /* BossyWindow.swift in Sources */ = {isa = PBXBuildFile; fileRef = 82F3298D20897EA0000E34B3 /* BossyWindow.swift */; };
		AA20D2FE20EC1B60009862FB /* AdvancedWindow.xib in Resources */ = {isa = PBXBuildFile; fileRef = AA20D30020EC1B60009862FB /* AdvancedWindow.xib */; };
		AA20D30820EC2D6B009862FB /* PreferencesWindow.xib in Resources */ = {isa = PBXBuildFile; fileRef = AA20D30A20EC2D6B009862FB /* PreferencesWindow.xib */; };
		AAC7195520E2D04E009862FB /* AboutWindow.xib in Resources */ = {isa = PBXBuildFile; fileRef = AAC7195720E2D04E009862FB /* AboutWindow.xib */; };
/* End PBXBuildFile section */

/* Begin PBXContainerItemProxy section */
		82233EAE20844ACA006C57E7 /* PBXContainerItemProxy */ = {
			isa = PBXContainerItemProxy;
			containerPortal = 82233E9520844AC9006C57E7 /* Project object */;
			proxyType = 1;
			remoteGlobalIDString = 82233E9C20844AC9006C57E7;
			remoteInfo = gSwitch;
		};
		82233EB920844ACA006C57E7 /* PBXContainerItemProxy */ = {
			isa = PBXContainerItemProxy;
			containerPortal = 82233E9520844AC9006C57E7 /* Project object */;
			proxyType = 1;
			remoteGlobalIDString = 82233E9C20844AC9006C57E7;
			remoteInfo = gSwitch;
		};
		8230418620882B40006701CB /* PBXContainerItemProxy */ = {
			isa = PBXContainerItemProxy;
			containerPortal = 8230418220882B3F006701CB /* gSwitchLauncher.xcodeproj */;
			proxyType = 2;
			remoteGlobalIDString = 8230417120882B3E006701CB;
			remoteInfo = gSwitchLauncher;
		};
/* End PBXContainerItemProxy section */

/* Begin PBXCopyFilesBuildPhase section */
		824BA5BC2085C4B800A5261B /* CopyFiles */ = {
			isa = PBXCopyFilesBuildPhase;
			buildActionMask = 2147483647;
			dstPath = "";
			dstSubfolderSpec = 16;
			files = (
				82556535208C5BB200A6807F /* Sparkle.framework.dSYM in CopyFiles */,
				829553D020884F6200A29C49 /* SwiftyBeaver.framework.dSYM in CopyFiles */,
			);
			runOnlyForDeploymentPostprocessing = 0;
		};
		829553CF20884F5400A29C49 /* Embed Frameworks */ = {
			isa = PBXCopyFilesBuildPhase;
			buildActionMask = 2147483647;
			dstPath = "";
			dstSubfolderSpec = 10;
			files = (
				829553CE20884F5400A29C49 /* SwiftyBeaver.framework in Embed Frameworks */,
				82556534208C5BA900A6807F /* Sparkle.framework in Embed Frameworks */,
			);
			name = "Embed Frameworks";
			runOnlyForDeploymentPostprocessing = 0;
		};
		82EB58F320882E1B00747BAF /* CopyFiles */ = {
			isa = PBXCopyFilesBuildPhase;
			buildActionMask = 2147483647;
			dstPath = Contents/Library/LoginItems;
			dstSubfolderSpec = 1;
			files = (
				82EB58F520882E5F00747BAF /* gSwitchLauncher.app in CopyFiles */,
			);
			runOnlyForDeploymentPostprocessing = 0;
		};
/* End PBXCopyFilesBuildPhase section */

/* Begin PBXFileReference section */
		82233E9D20844AC9006C57E7 /* gSwitch.app */ = {isa = PBXFileReference; explicitFileType = wrapper.application; includeInIndex = 0; path = gSwitch.app; sourceTree = BUILT_PRODUCTS_DIR; };
		82233EA020844AC9006C57E7 /* AppDelegate.swift */ = {isa = PBXFileReference; lastKnownFileType = sourcecode.swift; path = AppDelegate.swift; sourceTree = "<group>"; };
		82233EA220844ACA006C57E7 /* Assets.xcassets */ = {isa = PBXFileReference; lastKnownFileType = folder.assetcatalog; path = Assets.xcassets; sourceTree = "<group>"; };
		82233EA520844ACA006C57E7 /* Base */ = {isa = PBXFileReference; lastKnownFileType = file.xib; name = Base; path = Base.lproj/MainMenu.xib; sourceTree = "<group>"; };
		82233EA720844ACA006C57E7 /* Info.plist */ = {isa = PBXFileReference; lastKnownFileType = text.plist.xml; path = Info.plist; sourceTree = "<group>"; };
		82233EA820844ACA006C57E7 /* gSwitch.entitlements */ = {isa = PBXFileReference; lastKnownFileType = text.plist.entitlements; path = gSwitch.entitlements; sourceTree = "<group>"; };
		82233EAD20844ACA006C57E7 /* gSwitchTests.xctest */ = {isa = PBXFileReference; explicitFileType = wrapper.cfbundle; includeInIndex = 0; path = gSwitchTests.xctest; sourceTree = BUILT_PRODUCTS_DIR; };
		82233EB120844ACA006C57E7 /* gSwitchTests.swift */ = {isa = PBXFileReference; lastKnownFileType = sourcecode.swift; path = gSwitchTests.swift; sourceTree = "<group>"; };
		82233EB320844ACA006C57E7 /* Info.plist */ = {isa = PBXFileReference; lastKnownFileType = text.plist.xml; path = Info.plist; sourceTree = "<group>"; };
		82233EB820844ACA006C57E7 /* gSwitchUITests.xctest */ = {isa = PBXFileReference; explicitFileType = wrapper.cfbundle; includeInIndex = 0; path = gSwitchUITests.xctest; sourceTree = BUILT_PRODUCTS_DIR; };
		82233EBC20844ACA006C57E7 /* gSwitchUITests.swift */ = {isa = PBXFileReference; lastKnownFileType = sourcecode.swift; path = gSwitchUITests.swift; sourceTree = "<group>"; };
		82233EBE20844ACA006C57E7 /* Info.plist */ = {isa = PBXFileReference; lastKnownFileType = text.plist.xml; path = Info.plist; sourceTree = "<group>"; };
		82233ECA20844ADE006C57E7 /* gSwitch-Bridging-Header.h */ = {isa = PBXFileReference; lastKnownFileType = sourcecode.c.h; path = "gSwitch-Bridging-Header.h"; sourceTree = "<group>"; };
		82233ECB20844ADF006C57E7 /* Constants.swift */ = {isa = PBXFileReference; fileEncoding = 4; lastKnownFileType = sourcecode.swift; path = Constants.swift; sourceTree = "<group>"; };
		82233ECC20844ADF006C57E7 /* GSProcess.m */ = {isa = PBXFileReference; fileEncoding = 4; lastKnownFileType = sourcecode.c.objc; path = GSProcess.m; sourceTree = "<group>"; };
		82233ECD20844ADF006C57E7 /* GSProcess.h */ = {isa = PBXFileReference; fileEncoding = 4; lastKnownFileType = sourcecode.c.h; path = GSProcess.h; sourceTree = "<group>"; };
		82233ECE20844ADF006C57E7 /* GPUManager.swift */ = {isa = PBXFileReference; fileEncoding = 4; lastKnownFileType = sourcecode.swift; path = GPUManager.swift; sourceTree = "<group>"; };
		82233ECF20844ADF006C57E7 /* StatusMenuController.swift */ = {isa = PBXFileReference; fileEncoding = 4; lastKnownFileType = sourcecode.swift; path = StatusMenuController.swift; sourceTree = "<group>"; };
		82233ED020844ADF006C57E7 /* GPUListener.swift */ = {isa = PBXFileReference; fileEncoding = 4; lastKnownFileType = sourcecode.swift; path = GPUListener.swift; sourceTree = "<group>"; };
		82233ED120844ADF006C57E7 /* ProcessManager.swift */ = {isa = PBXFileReference; fileEncoding = 4; lastKnownFileType = sourcecode.swift; path = ProcessManager.swift; sourceTree = "<group>"; };
		8230418220882B3F006701CB /* gSwitchLauncher.xcodeproj */ = {isa = PBXFileReference; lastKnownFileType = "wrapper.pb-project"; name = gSwitchLauncher.xcodeproj; path = gSwitchLauncher/gSwitchLauncher.xcodeproj; sourceTree = "<group>"; };
		8230418920882BB2006701CB /* ServiceManagement.framework */ = {isa = PBXFileReference; lastKnownFileType = wrapper.framework; name = ServiceManagement.framework; path = System/Library/Frameworks/ServiceManagement.framework; sourceTree = SDKROOT; };
		82360C702088361700ADD0CE /* PreferencesWindow.swift */ = {isa = PBXFileReference; lastKnownFileType = sourcecode.swift; path = PreferencesWindow.swift; sourceTree = "<group>"; };
		823B274D208C0A2900A7DFB6 /* dsa_pub.pem */ = {isa = PBXFileReference; fileEncoding = 4; lastKnownFileType = text; path = dsa_pub.pem; sourceTree = "<group>"; };
		82556517208C505900A6807F /* UpdaterDelegate.swift */ = {isa = PBXFileReference; lastKnownFileType = sourcecode.swift; path = UpdaterDelegate.swift; sourceTree = "<group>"; };
		8255652F208C5B9300A6807F /* Sparkle.framework */ = {isa = PBXFileReference; lastKnownFileType = wrapper.framework; name = Sparkle.framework; path = Carthage/Build/Mac/Sparkle.framework; sourceTree = "<group>"; };
		82556530208C5B9300A6807F /* Sparkle.framework.dSYM */ = {isa = PBXFileReference; lastKnownFileType = wrapper.dsym; name = Sparkle.framework.dSYM; path = Carthage/Build/Mac/Sparkle.framework.dSYM; sourceTree = "<group>"; };
		828D681020C897D200A41DD9 /* AdvancedWindow.swift */ = {isa = PBXFileReference; lastKnownFileType = sourcecode.swift; path = AdvancedWindow.swift; sourceTree = "<group>"; };
		828D681620C8BCFF00A41DD9 /* HelpWindow.swift */ = {isa = PBXFileReference; lastKnownFileType = sourcecode.swift; path = HelpWindow.swift; sourceTree = "<group>"; };
		828D681720C8BCFF00A41DD9 /* HelpWindow.xib */ = {isa = PBXFileReference; lastKnownFileType = file.xib; path = HelpWindow.xib; sourceTree = "<group>"; };
		829553C520884BFA00A29C49 /* AboutWindow.swift */ = {isa = PBXFileReference; lastKnownFileType = sourcecode.swift; path = AboutWindow.swift; sourceTree = "<group>"; };
		829553C920884F4700A29C49 /* SwiftyBeaver.framework.dSYM */ = {isa = PBXFileReference; lastKnownFileType = wrapper.dsym; name = SwiftyBeaver.framework.dSYM; path = Carthage/Build/Mac/SwiftyBeaver.framework.dSYM; sourceTree = "<group>"; };
		829553CA20884F4700A29C49 /* SwiftyBeaver.framework */ = {isa = PBXFileReference; lastKnownFileType = wrapper.framework; name = SwiftyBeaver.framework; path = Carthage/Build/Mac/SwiftyBeaver.framework; sourceTree = "<group>"; };
		829553D120884FC200A29C49 /* Extentions.swift */ = {isa = PBXFileReference; lastKnownFileType = sourcecode.swift; path = Extentions.swift; sourceTree = "<group>"; };
		82AD4BE82087F335003375C1 /* GPUView.swift */ = {isa = PBXFileReference; lastKnownFileType = sourcecode.swift; path = GPUView.swift; sourceTree = "<group>"; };
		82C7028020859AB600EB6B85 /* UserNotificationManager.swift */ = {isa = PBXFileReference; lastKnownFileType = sourcecode.swift; path = UserNotificationManager.swift; sourceTree = "<group>"; };
		82F3298D20897EA0000E34B3 /* BossyWindow.swift */ = {isa = PBXFileReference; lastKnownFileType = sourcecode.swift; path = BossyWindow.swift; sourceTree = "<group>"; };
		AA08261420E29C61009862FB /* en */ = {isa = PBXFileReference; lastKnownFileType = text.plist.strings; name = en; path = en.lproj/MainMenu.strings; sourceTree = "<group>"; };
		AA08261520E2A52E009862FB /* de */ = {isa = PBXFileReference; lastKnownFileType = text.plist.strings; name = de; path = de.lproj/MainMenu.strings; sourceTree = "<group>"; };
		AA08261720E2A536009862FB /* fr */ = {isa = PBXFileReference; lastKnownFileType = text.plist.strings; name = fr; path = fr.lproj/MainMenu.strings; sourceTree = "<group>"; };
		AA20D2FF20EC1B60009862FB /* Base */ = {isa = PBXFileReference; lastKnownFileType = file.xib; name = Base; path = Base.lproj/AdvancedWindow.xib; sourceTree = "<group>"; };
		AA20D30320EC1B69009862FB /* en */ = {isa = PBXFileReference; lastKnownFileType = text.plist.strings; name = en; path = en.lproj/AdvancedWindow.strings; sourceTree = "<group>"; };
		AA20D30520EC1B6D009862FB /* de */ = {isa = PBXFileReference; lastKnownFileType = text.plist.strings; name = de; path = de.lproj/AdvancedWindow.strings; sourceTree = "<group>"; };
		AA20D30720EC1B6F009862FB /* fr */ = {isa = PBXFileReference; lastKnownFileType = text.plist.strings; name = fr; path = fr.lproj/AdvancedWindow.strings; sourceTree = "<group>"; };
		AA20D30920EC2D6B009862FB /* Base */ = {isa = PBXFileReference; lastKnownFileType = file.xib; name = Base; path = Base.lproj/PreferencesWindow.xib; sourceTree = "<group>"; };
		AA20D30C20EC2D6E009862FB /* en */ = {isa = PBXFileReference; lastKnownFileType = text.plist.strings; name = en; path = en.lproj/PreferencesWindow.strings; sourceTree = "<group>"; };
		AA20D30E20EC2D71009862FB /* de */ = {isa = PBXFileReference; lastKnownFileType = text.plist.strings; name = de; path = de.lproj/PreferencesWindow.strings; sourceTree = "<group>"; };
		AA20D31020EC2D74009862FB /* fr */ = {isa = PBXFileReference; lastKnownFileType = text.plist.strings; name = fr; path = fr.lproj/PreferencesWindow.strings; sourceTree = "<group>"; };
		AAC7195620E2D04E009862FB /* Base */ = {isa = PBXFileReference; lastKnownFileType = file.xib; name = Base; path = Base.lproj/AboutWindow.xib; sourceTree = "<group>"; };
		AAC7195A20E2D05A009862FB /* en */ = {isa = PBXFileReference; lastKnownFileType = text.plist.strings; name = en; path = en.lproj/AboutWindow.strings; sourceTree = "<group>"; };
		AAC7195C20E2D05C009862FB /* de */ = {isa = PBXFileReference; lastKnownFileType = text.plist.strings; name = de; path = de.lproj/AboutWindow.strings; sourceTree = "<group>"; };
		AAC7195E20E2D05D009862FB /* fr */ = {isa = PBXFileReference; lastKnownFileType = text.plist.strings; name = fr; path = fr.lproj/AboutWindow.strings; sourceTree = "<group>"; };
/* End PBXFileReference section */

/* Begin PBXFrameworksBuildPhase section */
		82233E9A20844AC9006C57E7 /* Frameworks */ = {
			isa = PBXFrameworksBuildPhase;
			buildActionMask = 2147483647;
			files = (
				8230418A20882BB2006701CB /* ServiceManagement.framework in Frameworks */,
				82556533208C5BA900A6807F /* Sparkle.framework in Frameworks */,
				829553CD20884F5400A29C49 /* SwiftyBeaver.framework in Frameworks */,
			);
			runOnlyForDeploymentPostprocessing = 0;
		};
		82233EAA20844ACA006C57E7 /* Frameworks */ = {
			isa = PBXFrameworksBuildPhase;
			buildActionMask = 2147483647;
			files = (
			);
			runOnlyForDeploymentPostprocessing = 0;
		};
		82233EB520844ACA006C57E7 /* Frameworks */ = {
			isa = PBXFrameworksBuildPhase;
			buildActionMask = 2147483647;
			files = (
			);
			runOnlyForDeploymentPostprocessing = 0;
		};
/* End PBXFrameworksBuildPhase section */

/* Begin PBXGroup section */
		82233E9420844AC9006C57E7 = {
			isa = PBXGroup;
			children = (
				82233E9F20844AC9006C57E7 /* gSwitch */,
				82233EB020844ACA006C57E7 /* gSwitchTests */,
				82233EBB20844ACA006C57E7 /* gSwitchUITests */,
				82233E9E20844AC9006C57E7 /* Products */,
				8230418220882B3F006701CB /* gSwitchLauncher.xcodeproj */,
				8230418820882BB1006701CB /* Frameworks */,
			);
			sourceTree = "<group>";
		};
		82233E9E20844AC9006C57E7 /* Products */ = {
			isa = PBXGroup;
			children = (
				82233E9D20844AC9006C57E7 /* gSwitch.app */,
				82233EAD20844ACA006C57E7 /* gSwitchTests.xctest */,
				82233EB820844ACA006C57E7 /* gSwitchUITests.xctest */,
			);
			name = Products;
			sourceTree = "<group>";
		};
		82233E9F20844AC9006C57E7 /* gSwitch */ = {
			isa = PBXGroup;
			children = (
				82233EA020844AC9006C57E7 /* AppDelegate.swift */,
				8224270620E0721E00C4865F /* Util */,
				8224270420E071E500C4865F /* Core */,
				8224270720E0726600C4865F /* Views */,
				82233ECA20844ADE006C57E7 /* gSwitch-Bridging-Header.h */,
				82233EA720844ACA006C57E7 /* Info.plist */,
				82233EA820844ACA006C57E7 /* gSwitch.entitlements */,
				823B274D208C0A2900A7DFB6 /* dsa_pub.pem */,
				82233EA220844ACA006C57E7 /* Assets.xcassets */,
			);
			path = gSwitch;
			sourceTree = "<group>";
		};
		82233EB020844ACA006C57E7 /* gSwitchTests */ = {
			isa = PBXGroup;
			children = (
				82233EB120844ACA006C57E7 /* gSwitchTests.swift */,
				82233EB320844ACA006C57E7 /* Info.plist */,
			);
			path = gSwitchTests;
			sourceTree = "<group>";
		};
		82233EBB20844ACA006C57E7 /* gSwitchUITests */ = {
			isa = PBXGroup;
			children = (
				82233EBC20844ACA006C57E7 /* gSwitchUITests.swift */,
				82233EBE20844ACA006C57E7 /* Info.plist */,
			);
			path = gSwitchUITests;
			sourceTree = "<group>";
		};
		8224270420E071E500C4865F /* Core */ = {
			isa = PBXGroup;
			children = (
				82233ED020844ADF006C57E7 /* GPUListener.swift */,
				82233ECE20844ADF006C57E7 /* GPUManager.swift */,
				82C7028020859AB600EB6B85 /* UserNotificationManager.swift */,
				82233ED120844ADF006C57E7 /* ProcessManager.swift */,
				82233ECD20844ADF006C57E7 /* GSProcess.h */,
				82233ECC20844ADF006C57E7 /* GSProcess.m */,
			);
			path = Core;
			sourceTree = "<group>";
		};
		8224270620E0721E00C4865F /* Util */ = {
			isa = PBXGroup;
			children = (
				82233ECB20844ADF006C57E7 /* Constants.swift */,
				829553D120884FC200A29C49 /* Extentions.swift */,
				82AD4BE82087F335003375C1 /* GPUView.swift */,
				82F3298D20897EA0000E34B3 /* BossyWindow.swift */,
				82556517208C505900A6807F /* UpdaterDelegate.swift */,
			);
			path = Util;
			sourceTree = "<group>";
		};
		8224270720E0726600C4865F /* Views */ = {
			isa = PBXGroup;
			children = (
				8224270820E0734C00C4865F /* MainMenu */,
				8224270920E0735B00C4865F /* About */,
				8224270A20E0736700C4865F /* Help */,
				8224270B20E0737A00C4865F /* Advanced */,
				8224270C20E0738900C4865F /* Preferences */,
			);
			path = Views;
			sourceTree = "<group>";
		};
		8224270820E0734C00C4865F /* MainMenu */ = {
			isa = PBXGroup;
			children = (
				82233ECF20844ADF006C57E7 /* StatusMenuController.swift */,
				82233EA420844ACA006C57E7 /* MainMenu.xib */,
			);
			path = MainMenu;
			sourceTree = "<group>";
		};
		8224270920E0735B00C4865F /* About */ = {
			isa = PBXGroup;
			children = (
				829553C520884BFA00A29C49 /* AboutWindow.swift */,
				AAC7195720E2D04E009862FB /* AboutWindow.xib */,
			);
			path = About;
			sourceTree = "<group>";
		};
		8224270A20E0736700C4865F /* Help */ = {
			isa = PBXGroup;
			children = (
				828D681620C8BCFF00A41DD9 /* HelpWindow.swift */,
				828D681720C8BCFF00A41DD9 /* HelpWindow.xib */,
			);
			path = Help;
			sourceTree = "<group>";
		};
		8224270B20E0737A00C4865F /* Advanced */ = {
			isa = PBXGroup;
			children = (
				828D681020C897D200A41DD9 /* AdvancedWindow.swift */,
				AA20D30020EC1B60009862FB /* AdvancedWindow.xib */,
			);
			path = Advanced;
			sourceTree = "<group>";
		};
		8224270C20E0738900C4865F /* Preferences */ = {
			isa = PBXGroup;
			children = (
				82360C702088361700ADD0CE /* PreferencesWindow.swift */,
				AA20D30A20EC2D6B009862FB /* PreferencesWindow.xib */,
			);
			path = Preferences;
			sourceTree = "<group>";
		};
		8230418320882B3F006701CB /* Products */ = {
			isa = PBXGroup;
			children = (
				8230418720882B40006701CB /* gSwitchLauncher.app */,
			);
			name = Products;
			sourceTree = "<group>";
		};
		8230418820882BB1006701CB /* Frameworks */ = {
			isa = PBXGroup;
			children = (
				8255652F208C5B9300A6807F /* Sparkle.framework */,
				82556530208C5B9300A6807F /* Sparkle.framework.dSYM */,
				829553CA20884F4700A29C49 /* SwiftyBeaver.framework */,
				829553C920884F4700A29C49 /* SwiftyBeaver.framework.dSYM */,
				8230418920882BB2006701CB /* ServiceManagement.framework */,
			);
			name = Frameworks;
			sourceTree = "<group>";
		};
/* End PBXGroup section */

/* Begin PBXNativeTarget section */
		82233E9C20844AC9006C57E7 /* gSwitch */ = {
			isa = PBXNativeTarget;
			buildConfigurationList = 82233EC120844ACA006C57E7 /* Build configuration list for PBXNativeTarget "gSwitch" */;
			buildPhases = (
				82233E9920844AC9006C57E7 /* Sources */,
				82233E9A20844AC9006C57E7 /* Frameworks */,
				82233E9B20844AC9006C57E7 /* Resources */,
				824BA5BC2085C4B800A5261B /* CopyFiles */,
				82EB58F320882E1B00747BAF /* CopyFiles */,
				829553CF20884F5400A29C49 /* Embed Frameworks */,
			);
			buildRules = (
			);
			dependencies = (
			);
			name = gSwitch;
			productName = gSwitch;
			productReference = 82233E9D20844AC9006C57E7 /* gSwitch.app */;
			productType = "com.apple.product-type.application";
		};
		82233EAC20844ACA006C57E7 /* gSwitchTests */ = {
			isa = PBXNativeTarget;
			buildConfigurationList = 82233EC420844ACA006C57E7 /* Build configuration list for PBXNativeTarget "gSwitchTests" */;
			buildPhases = (
				82233EA920844ACA006C57E7 /* Sources */,
				82233EAA20844ACA006C57E7 /* Frameworks */,
				82233EAB20844ACA006C57E7 /* Resources */,
			);
			buildRules = (
			);
			dependencies = (
				82233EAF20844ACA006C57E7 /* PBXTargetDependency */,
			);
			name = gSwitchTests;
			productName = gSwitchTests;
			productReference = 82233EAD20844ACA006C57E7 /* gSwitchTests.xctest */;
			productType = "com.apple.product-type.bundle.unit-test";
		};
		82233EB720844ACA006C57E7 /* gSwitchUITests */ = {
			isa = PBXNativeTarget;
			buildConfigurationList = 82233EC720844ACA006C57E7 /* Build configuration list for PBXNativeTarget "gSwitchUITests" */;
			buildPhases = (
				82233EB420844ACA006C57E7 /* Sources */,
				82233EB520844ACA006C57E7 /* Frameworks */,
				82233EB620844ACA006C57E7 /* Resources */,
			);
			buildRules = (
			);
			dependencies = (
				82233EBA20844ACA006C57E7 /* PBXTargetDependency */,
			);
			name = gSwitchUITests;
			productName = gSwitchUITests;
			productReference = 82233EB820844ACA006C57E7 /* gSwitchUITests.xctest */;
			productType = "com.apple.product-type.bundle.ui-testing";
		};
/* End PBXNativeTarget section */

/* Begin PBXProject section */
		82233E9520844AC9006C57E7 /* Project object */ = {
			isa = PBXProject;
			attributes = {
				LastSwiftUpdateCheck = 0930;
				LastUpgradeCheck = 0930;
				ORGANIZATIONNAME = CodySchrank;
				TargetAttributes = {
					82233E9C20844AC9006C57E7 = {
						CreatedOnToolsVersion = 9.3;
						LastSwiftMigration = 0930;
						SystemCapabilities = {
							com.apple.Sandbox = {
								enabled = 0;
							};
						};
					};
					82233EAC20844ACA006C57E7 = {
						CreatedOnToolsVersion = 9.3;
						TestTargetID = 82233E9C20844AC9006C57E7;
					};
					82233EB720844ACA006C57E7 = {
						CreatedOnToolsVersion = 9.3;
						TestTargetID = 82233E9C20844AC9006C57E7;
					};
				};
			};
			buildConfigurationList = 82233E9820844AC9006C57E7 /* Build configuration list for PBXProject "gSwitch" */;
			compatibilityVersion = "Xcode 9.3";
			developmentRegion = en;
			hasScannedForEncodings = 0;
			knownRegions = (
				en,
				Base,
				de,
				fr,
			);
			mainGroup = 82233E9420844AC9006C57E7;
			productRefGroup = 82233E9E20844AC9006C57E7 /* Products */;
			projectDirPath = "";
			projectReferences = (
				{
					ProductGroup = 8230418320882B3F006701CB /* Products */;
					ProjectRef = 8230418220882B3F006701CB /* gSwitchLauncher.xcodeproj */;
				},
			);
			projectRoot = "";
			targets = (
				82233E9C20844AC9006C57E7 /* gSwitch */,
				82233EAC20844ACA006C57E7 /* gSwitchTests */,
				82233EB720844ACA006C57E7 /* gSwitchUITests */,
			);
		};
/* End PBXProject section */

/* Begin PBXReferenceProxy section */
		8230418720882B40006701CB /* gSwitchLauncher.app */ = {
			isa = PBXReferenceProxy;
			fileType = wrapper.application;
			path = gSwitchLauncher.app;
			remoteRef = 8230418620882B40006701CB /* PBXContainerItemProxy */;
			sourceTree = BUILT_PRODUCTS_DIR;
		};
/* End PBXReferenceProxy section */

/* Begin PBXResourcesBuildPhase section */
		82233E9B20844AC9006C57E7 /* Resources */ = {
			isa = PBXResourcesBuildPhase;
			buildActionMask = 2147483647;
			files = (
				823B274E208C0A2900A7DFB6 /* dsa_pub.pem in Resources */,
				AA20D2FE20EC1B60009862FB /* AdvancedWindow.xib in Resources */,
				828D681920C8BCFF00A41DD9 /* HelpWindow.xib in Resources */,
				82233EA320844ACA006C57E7 /* Assets.xcassets in Resources */,
				AA20D30820EC2D6B009862FB /* PreferencesWindow.xib in Resources */,
				82233EA620844ACA006C57E7 /* MainMenu.xib in Resources */,
				AAC7195520E2D04E009862FB /* AboutWindow.xib in Resources */,
				82556532208C5B9300A6807F /* Sparkle.framework.dSYM in Resources */,
				829553CB20884F4700A29C49 /* SwiftyBeaver.framework.dSYM in Resources */,
			);
			runOnlyForDeploymentPostprocessing = 0;
		};
		82233EAB20844ACA006C57E7 /* Resources */ = {
			isa = PBXResourcesBuildPhase;
			buildActionMask = 2147483647;
			files = (
			);
			runOnlyForDeploymentPostprocessing = 0;
		};
		82233EB620844ACA006C57E7 /* Resources */ = {
			isa = PBXResourcesBuildPhase;
			buildActionMask = 2147483647;
			files = (
			);
			runOnlyForDeploymentPostprocessing = 0;
		};
/* End PBXResourcesBuildPhase section */

/* Begin PBXSourcesBuildPhase section */
		82233E9920844AC9006C57E7 /* Sources */ = {
			isa = PBXSourcesBuildPhase;
			buildActionMask = 2147483647;
			files = (
				82F3298E20897EA0000E34B3 /* BossyWindow.swift in Sources */,
				82233ED720844ADF006C57E7 /* GPUListener.swift in Sources */,
				82C7028120859AB600EB6B85 /* UserNotificationManager.swift in Sources */,
				82556518208C505900A6807F /* UpdaterDelegate.swift in Sources */,
				82233EA120844AC9006C57E7 /* AppDelegate.swift in Sources */,
				82233ED320844ADF006C57E7 /* Constants.swift in Sources */,
				82233ED820844ADF006C57E7 /* ProcessManager.swift in Sources */,
				82233ED620844ADF006C57E7 /* StatusMenuController.swift in Sources */,
				829553C720884BFA00A29C49 /* AboutWindow.swift in Sources */,
				82360C722088361700ADD0CE /* PreferencesWindow.swift in Sources */,
				829553D220884FC200A29C49 /* Extentions.swift in Sources */,
				82AD4BE92087F335003375C1 /* GPUView.swift in Sources */,
				828D681820C8BCFF00A41DD9 /* HelpWindow.swift in Sources */,
				828D681220C897D200A41DD9 /* AdvancedWindow.swift in Sources */,
				82233ED520844ADF006C57E7 /* GPUManager.swift in Sources */,
				82233ED420844ADF006C57E7 /* GSProcess.m in Sources */,
			);
			runOnlyForDeploymentPostprocessing = 0;
		};
		82233EA920844ACA006C57E7 /* Sources */ = {
			isa = PBXSourcesBuildPhase;
			buildActionMask = 2147483647;
			files = (
				82233EB220844ACA006C57E7 /* gSwitchTests.swift in Sources */,
			);
			runOnlyForDeploymentPostprocessing = 0;
		};
		82233EB420844ACA006C57E7 /* Sources */ = {
			isa = PBXSourcesBuildPhase;
			buildActionMask = 2147483647;
			files = (
				82233EBD20844ACA006C57E7 /* gSwitchUITests.swift in Sources */,
			);
			runOnlyForDeploymentPostprocessing = 0;
		};
/* End PBXSourcesBuildPhase section */

/* Begin PBXTargetDependency section */
		82233EAF20844ACA006C57E7 /* PBXTargetDependency */ = {
			isa = PBXTargetDependency;
			target = 82233E9C20844AC9006C57E7 /* gSwitch */;
			targetProxy = 82233EAE20844ACA006C57E7 /* PBXContainerItemProxy */;
		};
		82233EBA20844ACA006C57E7 /* PBXTargetDependency */ = {
			isa = PBXTargetDependency;
			target = 82233E9C20844AC9006C57E7 /* gSwitch */;
			targetProxy = 82233EB920844ACA006C57E7 /* PBXContainerItemProxy */;
		};
/* End PBXTargetDependency section */

/* Begin PBXVariantGroup section */
		82233EA420844ACA006C57E7 /* MainMenu.xib */ = {
			isa = PBXVariantGroup;
			children = (
				82233EA520844ACA006C57E7 /* Base */,
				AA08261420E29C61009862FB /* en */,
				AA08261520E2A52E009862FB /* de */,
				AA08261720E2A536009862FB /* fr */,
			);
			name = MainMenu.xib;
			sourceTree = "<group>";
		};
		AA20D30020EC1B60009862FB /* AdvancedWindow.xib */ = {
			isa = PBXVariantGroup;
			children = (
				AA20D2FF20EC1B60009862FB /* Base */,
				AA20D30320EC1B69009862FB /* en */,
				AA20D30520EC1B6D009862FB /* de */,
				AA20D30720EC1B6F009862FB /* fr */,
			);
			name = AdvancedWindow.xib;
			sourceTree = "<group>";
		};
		AA20D30A20EC2D6B009862FB /* PreferencesWindow.xib */ = {
			isa = PBXVariantGroup;
			children = (
				AA20D30920EC2D6B009862FB /* Base */,
				AA20D30C20EC2D6E009862FB /* en */,
				AA20D30E20EC2D71009862FB /* de */,
				AA20D31020EC2D74009862FB /* fr */,
			);
			name = PreferencesWindow.xib;
			sourceTree = "<group>";
		};
		AAC7195720E2D04E009862FB /* AboutWindow.xib */ = {
			isa = PBXVariantGroup;
			children = (
				AAC7195620E2D04E009862FB /* Base */,
				AAC7195A20E2D05A009862FB /* en */,
				AAC7195C20E2D05C009862FB /* de */,
				AAC7195E20E2D05D009862FB /* fr */,
			);
			name = AboutWindow.xib;
			sourceTree = "<group>";
		};
/* End PBXVariantGroup section */

/* Begin XCBuildConfiguration section */
		82233EBF20844ACA006C57E7 /* Debug */ = {
			isa = XCBuildConfiguration;
			buildSettings = {
				ALWAYS_SEARCH_USER_PATHS = NO;
				CLANG_ANALYZER_LOCALIZABILITY_NONLOCALIZED = YES;
				CLANG_ANALYZER_NONNULL = YES;
				CLANG_ANALYZER_NUMBER_OBJECT_CONVERSION = YES_AGGRESSIVE;
				CLANG_CXX_LANGUAGE_STANDARD = "gnu++14";
				CLANG_CXX_LIBRARY = "libc++";
				CLANG_ENABLE_MODULES = YES;
				CLANG_ENABLE_OBJC_ARC = YES;
				CLANG_ENABLE_OBJC_WEAK = YES;
				CLANG_WARN_BLOCK_CAPTURE_AUTORELEASING = YES;
				CLANG_WARN_BOOL_CONVERSION = YES;
				CLANG_WARN_COMMA = YES;
				CLANG_WARN_CONSTANT_CONVERSION = YES;
				CLANG_WARN_DEPRECATED_OBJC_IMPLEMENTATIONS = YES;
				CLANG_WARN_DIRECT_OBJC_ISA_USAGE = YES_ERROR;
				CLANG_WARN_DOCUMENTATION_COMMENTS = YES;
				CLANG_WARN_EMPTY_BODY = YES;
				CLANG_WARN_ENUM_CONVERSION = YES;
				CLANG_WARN_INFINITE_RECURSION = YES;
				CLANG_WARN_INT_CONVERSION = YES;
				CLANG_WARN_NON_LITERAL_NULL_CONVERSION = YES;
				CLANG_WARN_OBJC_IMPLICIT_RETAIN_SELF = YES;
				CLANG_WARN_OBJC_LITERAL_CONVERSION = YES;
				CLANG_WARN_OBJC_ROOT_CLASS = YES_ERROR;
				CLANG_WARN_RANGE_LOOP_ANALYSIS = YES;
				CLANG_WARN_STRICT_PROTOTYPES = YES;
				CLANG_WARN_SUSPICIOUS_MOVE = YES;
				CLANG_WARN_UNGUARDED_AVAILABILITY = YES_AGGRESSIVE;
				CLANG_WARN_UNREACHABLE_CODE = YES;
				CLANG_WARN__DUPLICATE_METHOD_MATCH = YES;
				CODE_SIGN_IDENTITY = "Mac Developer";
				COPY_PHASE_STRIP = NO;
				DEBUG_INFORMATION_FORMAT = dwarf;
				ENABLE_STRICT_OBJC_MSGSEND = YES;
				ENABLE_TESTABILITY = YES;
				GCC_C_LANGUAGE_STANDARD = gnu11;
				GCC_DYNAMIC_NO_PIC = NO;
				GCC_NO_COMMON_BLOCKS = YES;
				GCC_OPTIMIZATION_LEVEL = 0;
				GCC_PREPROCESSOR_DEFINITIONS = (
					"DEBUG=1",
					"$(inherited)",
				);
				GCC_WARN_64_TO_32_BIT_CONVERSION = YES;
				GCC_WARN_ABOUT_RETURN_TYPE = YES_ERROR;
				GCC_WARN_UNDECLARED_SELECTOR = YES;
				GCC_WARN_UNINITIALIZED_AUTOS = YES_AGGRESSIVE;
				GCC_WARN_UNUSED_FUNCTION = YES;
				GCC_WARN_UNUSED_VARIABLE = YES;
				MACOSX_DEPLOYMENT_TARGET = 10.13;
				MTL_ENABLE_DEBUG_INFO = YES;
				ONLY_ACTIVE_ARCH = YES;
				SDKROOT = macosx;
				SWIFT_ACTIVE_COMPILATION_CONDITIONS = DEBUG;
				SWIFT_OPTIMIZATION_LEVEL = "-Onone";
			};
			name = Debug;
		};
		82233EC020844ACA006C57E7 /* Release */ = {
			isa = XCBuildConfiguration;
			buildSettings = {
				ALWAYS_SEARCH_USER_PATHS = NO;
				CLANG_ANALYZER_LOCALIZABILITY_NONLOCALIZED = YES;
				CLANG_ANALYZER_NONNULL = YES;
				CLANG_ANALYZER_NUMBER_OBJECT_CONVERSION = YES_AGGRESSIVE;
				CLANG_CXX_LANGUAGE_STANDARD = "gnu++14";
				CLANG_CXX_LIBRARY = "libc++";
				CLANG_ENABLE_MODULES = YES;
				CLANG_ENABLE_OBJC_ARC = YES;
				CLANG_ENABLE_OBJC_WEAK = YES;
				CLANG_WARN_BLOCK_CAPTURE_AUTORELEASING = YES;
				CLANG_WARN_BOOL_CONVERSION = YES;
				CLANG_WARN_COMMA = YES;
				CLANG_WARN_CONSTANT_CONVERSION = YES;
				CLANG_WARN_DEPRECATED_OBJC_IMPLEMENTATIONS = YES;
				CLANG_WARN_DIRECT_OBJC_ISA_USAGE = YES_ERROR;
				CLANG_WARN_DOCUMENTATION_COMMENTS = YES;
				CLANG_WARN_EMPTY_BODY = YES;
				CLANG_WARN_ENUM_CONVERSION = YES;
				CLANG_WARN_INFINITE_RECURSION = YES;
				CLANG_WARN_INT_CONVERSION = YES;
				CLANG_WARN_NON_LITERAL_NULL_CONVERSION = YES;
				CLANG_WARN_OBJC_IMPLICIT_RETAIN_SELF = YES;
				CLANG_WARN_OBJC_LITERAL_CONVERSION = YES;
				CLANG_WARN_OBJC_ROOT_CLASS = YES_ERROR;
				CLANG_WARN_RANGE_LOOP_ANALYSIS = YES;
				CLANG_WARN_STRICT_PROTOTYPES = YES;
				CLANG_WARN_SUSPICIOUS_MOVE = YES;
				CLANG_WARN_UNGUARDED_AVAILABILITY = YES_AGGRESSIVE;
				CLANG_WARN_UNREACHABLE_CODE = YES;
				CLANG_WARN__DUPLICATE_METHOD_MATCH = YES;
				CODE_SIGN_IDENTITY = "Mac Developer";
				COPY_PHASE_STRIP = NO;
				DEBUG_INFORMATION_FORMAT = "dwarf-with-dsym";
				ENABLE_NS_ASSERTIONS = NO;
				ENABLE_STRICT_OBJC_MSGSEND = YES;
				GCC_C_LANGUAGE_STANDARD = gnu11;
				GCC_NO_COMMON_BLOCKS = YES;
				GCC_WARN_64_TO_32_BIT_CONVERSION = YES;
				GCC_WARN_ABOUT_RETURN_TYPE = YES_ERROR;
				GCC_WARN_UNDECLARED_SELECTOR = YES;
				GCC_WARN_UNINITIALIZED_AUTOS = YES_AGGRESSIVE;
				GCC_WARN_UNUSED_FUNCTION = YES;
				GCC_WARN_UNUSED_VARIABLE = YES;
				MACOSX_DEPLOYMENT_TARGET = 10.13;
				MTL_ENABLE_DEBUG_INFO = NO;
				SDKROOT = macosx;
				SWIFT_COMPILATION_MODE = wholemodule;
				SWIFT_OPTIMIZATION_LEVEL = "-O";
			};
			name = Release;
		};
		82233EC220844ACA006C57E7 /* Debug */ = {
			isa = XCBuildConfiguration;
			buildSettings = {
				ASSETCATALOG_COMPILER_APPICON_NAME = AppIcon;
				CLANG_ENABLE_MODULES = YES;
				CODE_SIGN_STYLE = Automatic;
				COMBINE_HIDPI_IMAGES = YES;
				DEVELOPMENT_TEAM = Z26D67C784;
				FRAMEWORK_SEARCH_PATHS = (
					"$(inherited)",
					"$(PROJECT_DIR)/Carthage/Build/Mac",
					"$(PROJECT_DIR)",
				);
				INFOPLIST_FILE = gSwitch/Info.plist;
				LD_RUNPATH_SEARCH_PATHS = (
					"$(inherited)",
					"@executable_path/../Frameworks",
				);
				MACOSX_DEPLOYMENT_TARGET = 10.12;
				PRODUCT_BUNDLE_IDENTIFIER = com.CodySchrank.gSwitch;
				PRODUCT_NAME = "$(TARGET_NAME)";
				SWIFT_OBJC_BRIDGING_HEADER = "gSwitch/gSwitch-Bridging-Header.h";
				SWIFT_OPTIMIZATION_LEVEL = "-Onone";
				SWIFT_VERSION = 4.0;
			};
			name = Debug;
		};
		82233EC320844ACA006C57E7 /* Release */ = {
			isa = XCBuildConfiguration;
			buildSettings = {
				ASSETCATALOG_COMPILER_APPICON_NAME = AppIcon;
				CLANG_ENABLE_MODULES = YES;
				CODE_SIGN_STYLE = Automatic;
				COMBINE_HIDPI_IMAGES = YES;
				DEVELOPMENT_TEAM = Z26D67C784;
				FRAMEWORK_SEARCH_PATHS = (
					"$(inherited)",
					"$(PROJECT_DIR)/Carthage/Build/Mac",
					"$(PROJECT_DIR)",
				);
				INFOPLIST_FILE = gSwitch/Info.plist;
				LD_RUNPATH_SEARCH_PATHS = (
					"$(inherited)",
					"@executable_path/../Frameworks",
				);
				MACOSX_DEPLOYMENT_TARGET = 10.12;
				PRODUCT_BUNDLE_IDENTIFIER = com.CodySchrank.gSwitch;
				PRODUCT_NAME = "$(TARGET_NAME)";
				SWIFT_OBJC_BRIDGING_HEADER = "gSwitch/gSwitch-Bridging-Header.h";
				SWIFT_VERSION = 4.0;
			};
			name = Release;
		};
		82233EC520844ACA006C57E7 /* Debug */ = {
			isa = XCBuildConfiguration;
			buildSettings = {
				ALWAYS_EMBED_SWIFT_STANDARD_LIBRARIES = YES;
				BUNDLE_LOADER = "$(TEST_HOST)";
				CODE_SIGN_STYLE = Automatic;
				COMBINE_HIDPI_IMAGES = YES;
				DEVELOPMENT_TEAM = Z26D67C784;
				INFOPLIST_FILE = gSwitchTests/Info.plist;
				LD_RUNPATH_SEARCH_PATHS = (
					"$(inherited)",
					"@executable_path/../Frameworks",
					"@loader_path/../Frameworks",
				);
				PRODUCT_BUNDLE_IDENTIFIER = com.CodySchrank.gSwitchTests;
				PRODUCT_NAME = "$(TARGET_NAME)";
				SWIFT_VERSION = 4.0;
				TEST_HOST = "$(BUILT_PRODUCTS_DIR)/gSwitch.app/Contents/MacOS/gSwitch";
			};
			name = Debug;
		};
		82233EC620844ACA006C57E7 /* Release */ = {
			isa = XCBuildConfiguration;
			buildSettings = {
				ALWAYS_EMBED_SWIFT_STANDARD_LIBRARIES = YES;
				BUNDLE_LOADER = "$(TEST_HOST)";
				CODE_SIGN_STYLE = Automatic;
				COMBINE_HIDPI_IMAGES = YES;
				DEVELOPMENT_TEAM = Z26D67C784;
				INFOPLIST_FILE = gSwitchTests/Info.plist;
				LD_RUNPATH_SEARCH_PATHS = (
					"$(inherited)",
					"@executable_path/../Frameworks",
					"@loader_path/../Frameworks",
				);
				PRODUCT_BUNDLE_IDENTIFIER = com.CodySchrank.gSwitchTests;
				PRODUCT_NAME = "$(TARGET_NAME)";
				SWIFT_VERSION = 4.0;
				TEST_HOST = "$(BUILT_PRODUCTS_DIR)/gSwitch.app/Contents/MacOS/gSwitch";
			};
			name = Release;
		};
		82233EC820844ACA006C57E7 /* Debug */ = {
			isa = XCBuildConfiguration;
			buildSettings = {
				ALWAYS_EMBED_SWIFT_STANDARD_LIBRARIES = YES;
				CODE_SIGN_STYLE = Automatic;
				COMBINE_HIDPI_IMAGES = YES;
				DEVELOPMENT_TEAM = Z26D67C784;
				INFOPLIST_FILE = gSwitchUITests/Info.plist;
				LD_RUNPATH_SEARCH_PATHS = (
					"$(inherited)",
					"@executable_path/../Frameworks",
					"@loader_path/../Frameworks",
				);
				PRODUCT_BUNDLE_IDENTIFIER = com.CodySchrank.gSwitchUITests;
				PRODUCT_NAME = "$(TARGET_NAME)";
				SWIFT_VERSION = 4.0;
				TEST_TARGET_NAME = gSwitch;
			};
			name = Debug;
		};
		82233EC920844ACA006C57E7 /* Release */ = {
			isa = XCBuildConfiguration;
			buildSettings = {
				ALWAYS_EMBED_SWIFT_STANDARD_LIBRARIES = YES;
				CODE_SIGN_STYLE = Automatic;
				COMBINE_HIDPI_IMAGES = YES;
				DEVELOPMENT_TEAM = Z26D67C784;
				INFOPLIST_FILE = gSwitchUITests/Info.plist;
				LD_RUNPATH_SEARCH_PATHS = (
					"$(inherited)",
					"@executable_path/../Frameworks",
					"@loader_path/../Frameworks",
				);
				PRODUCT_BUNDLE_IDENTIFIER = com.CodySchrank.gSwitchUITests;
				PRODUCT_NAME = "$(TARGET_NAME)";
				SWIFT_VERSION = 4.0;
				TEST_TARGET_NAME = gSwitch;
			};
			name = Release;
		};
/* End XCBuildConfiguration section */

/* Begin XCConfigurationList section */
		82233E9820844AC9006C57E7 /* Build configuration list for PBXProject "gSwitch" */ = {
			isa = XCConfigurationList;
			buildConfigurations = (
				82233EBF20844ACA006C57E7 /* Debug */,
				82233EC020844ACA006C57E7 /* Release */,
			);
			defaultConfigurationIsVisible = 0;
			defaultConfigurationName = Release;
		};
		82233EC120844ACA006C57E7 /* Build configuration list for PBXNativeTarget "gSwitch" */ = {
			isa = XCConfigurationList;
			buildConfigurations = (
				82233EC220844ACA006C57E7 /* Debug */,
				82233EC320844ACA006C57E7 /* Release */,
			);
			defaultConfigurationIsVisible = 0;
			defaultConfigurationName = Release;
		};
		82233EC420844ACA006C57E7 /* Build configuration list for PBXNativeTarget "gSwitchTests" */ = {
			isa = XCConfigurationList;
			buildConfigurations = (
				82233EC520844ACA006C57E7 /* Debug */,
				82233EC620844ACA006C57E7 /* Release */,
			);
			defaultConfigurationIsVisible = 0;
			defaultConfigurationName = Release;
		};
		82233EC720844ACA006C57E7 /* Build configuration list for PBXNativeTarget "gSwitchUITests" */ = {
			isa = XCConfigurationList;
			buildConfigurations = (
				82233EC820844ACA006C57E7 /* Debug */,
				82233EC920844ACA006C57E7 /* Release */,
			);
			defaultConfigurationIsVisible = 0;
			defaultConfigurationName = Release;
		};
/* End XCConfigurationList section */
	};
	rootObject = 82233E9520844AC9006C57E7 /* Project object */;
}
